{
  "nodes": {
    "alacritty": {
      "flake": false,
      "locked": {
        "lastModified": 1720878850,
        "narHash": "sha256-84rdjQzWNupN5dJsK6Txfl+EARXmkMIQ4TyfjIP1hTE=",
        "owner": "ayosec",
        "repo": "alacritty",
        "rev": "6c4910fd20c7bab08b3bcee00eed4b5e4b37ef08",
        "type": "github"
      },
      "original": {
        "owner": "ayosec",
        "ref": "graphics",
        "repo": "alacritty",
        "type": "github"
      }
    },
    "flake-parts": {
      "inputs": {
        "nixpkgs-lib": "nixpkgs-lib"
      },
      "locked": {
        "lastModified": 1725024810,
        "narHash": "sha256-ODYRm8zHfLTH3soTFWE452ydPYz2iTvr9T8ftDMUQ3E=",
        "owner": "hercules-ci",
        "repo": "flake-parts",
        "rev": "af510d4a62d071ea13925ce41c95e3dec816c01d",
        "type": "github"
      },
      "original": {
        "owner": "hercules-ci",
        "repo": "flake-parts",
        "type": "github"
      }
    },
    "flake-utils": {
      "inputs": {
        "systems": "systems"
      },
      "locked": {
        "lastModified": 1694529238,
        "narHash": "sha256-zsNZZGTGnMOf9YpHKJqMSsa0dXbfmxeoJ7xHlrt+xmY=",
        "owner": "numtide",
        "repo": "flake-utils",
        "rev": "ff7b65b44d01cf9ba6a71320833626af21126384",
        "type": "github"
      },
      "original": {
        "owner": "numtide",
        "repo": "flake-utils",
        "type": "github"
      }
    },
    "magicavoxel": {
      "flake": false,
      "locked": {
        "lastModified": 1704230432,
        "narHash": "sha256-tBmUY8NMwT9C9iOuZLHd7EeUZD37AQUfppTz+fCEUMQ=",
        "type": "tarball",
        "url": "https://github.com/ephtracy/ephtracy.github.io/releases/download/0.99.7/MagicaVoxel-0.99.7.1-win64.zip"
      },
      "original": {
        "type": "tarball",
        "url": "https://github.com/ephtracy/ephtracy.github.io/releases/download/0.99.7/MagicaVoxel-0.99.7.1-win64.zip"
      }
    },
    "nixpkgs": {
      "locked": {
        "lastModified": 1726447378,
        "narHash": "sha256-2yV8nmYE1p9lfmLHhOCbYwQC/W8WYfGQABoGzJOb1JQ=",
        "owner": "nixos",
        "repo": "nixpkgs",
        "rev": "086b448a5d54fd117f4dc2dee55c9f0ff461bdc1",
        "type": "github"
      },
      "original": {
        "owner": "nixos",
        "ref": "nixos-24.05",
        "repo": "nixpkgs",
        "type": "github"
      }
    },
    "nixpkgs-lib": {
      "locked": {
        "lastModified": 1722555339,
        "narHash": "sha256-uFf2QeW7eAHlYXuDktm9c25OxOyCoUOQmh5SZ9amE5Q=",
        "type": "tarball",
        "url": "https://github.com/NixOS/nixpkgs/archive/a5d394176e64ab29c852d03346c1fc9b0b7d33eb.tar.gz"
      },
      "original": {
        "type": "tarball",
        "url": "https://github.com/NixOS/nixpkgs/archive/a5d394176e64ab29c852d03346c1fc9b0b7d33eb.tar.gz"
      }
    },
    "nixpkgs-unstable": {
      "locked": {
        "lastModified": 1726463316,
        "narHash": "sha256-gI9kkaH0ZjakJOKrdjaI/VbaMEo9qBbSUl93DnU7f4c=",
        "owner": "nixos",
        "repo": "nixpkgs",
        "rev": "99dc8785f6a0adac95f5e2ab05cc2e1bf666d172",
        "type": "github"
      },
      "original": {
        "owner": "nixos",
        "ref": "nixos-unstable",
        "repo": "nixpkgs",
        "type": "github"
      }
    },
    "rio": {
      "inputs": {
        "flake-parts": "flake-parts",
        "nixpkgs": [
          "nixpkgs"
        ],
        "rust-overlay": [
          "rust-overlay"
        ],
        "systems": "systems_2"
      },
      "locked": {
        "lastModified": 1725649640,
        "narHash": "sha256-ZDoEr48MDfRgZ9IPVyPoz/SNJE6gNQuqT890MSwDBHA=",
        "owner": "raphamorim",
        "repo": "rio",
        "rev": "5896e246ca307eec2d10e42e2a23b3a829235ff6",
        "type": "github"
      },
      "original": {
        "owner": "raphamorim",
        "repo": "rio",
        "type": "github"
      }
    },
    "root": {
      "inputs": {
        "alacritty": "alacritty",
        "flake-utils": "flake-utils",
        "magicavoxel": "magicavoxel",
        "nixpkgs": "nixpkgs",
        "nixpkgs-unstable": "nixpkgs-unstable",
        "rio": "rio",
        "rust-overlay": "rust-overlay",
        "zellij": "zellij"
      }
    },
    "rust-overlay": {
      "inputs": {
        "nixpkgs": [
          "nixpkgs"
        ]
      },
      "locked": {
        "lastModified": 1725589472,
        "narHash": "sha256-+OB00N6Yql/ZRQQkQ0PNnxfW2tH89DHnv29hBS7tXMM=",
        "owner": "oxalica",
        "repo": "rust-overlay",
        "rev": "2b00881d2ff72174cffdc007238cb6bedd6e1d8e",
        "type": "github"
      },
      "original": {
        "owner": "oxalica",
        "repo": "rust-overlay",
        "type": "github"
      }
    },
    "systems": {
      "locked": {
        "lastModified": 1681028828,
        "narHash": "sha256-Vy1rq5AaRuLzOxct8nz4T6wlgyUR7zLU309k9mBC768=",
        "owner": "nix-systems",
        "repo": "default",
        "rev": "da67096a3b9bf56a91d16901293e51ba5b49a27e",
        "type": "github"
      },
      "original": {
        "owner": "nix-systems",
        "repo": "default",
        "type": "github"
      }
    },
    "systems_2": {
      "flake": false,
      "locked": {
        "lastModified": 1681028828,
        "narHash": "sha256-Vy1rq5AaRuLzOxct8nz4T6wlgyUR7zLU309k9mBC768=",
        "owner": "nix-systems",
        "repo": "default",
        "rev": "da67096a3b9bf56a91d16901293e51ba5b49a27e",
        "type": "github"
      },
      "original": {
        "owner": "nix-systems",
        "repo": "default",
        "type": "github"
      }
    },
    "zellij": {
      "flake": false,
      "locked": {
        "lastModified": 1721396631,
        "narHash": "sha256-4CKFLApj2Ve03oks3mH4SK8TZFyUhXtcMwkyl99dnzo=",
        "owner": "lypanov",
        "repo": "zellij",
        "rev": "587c9538574a52fa983064842203b1c8d6dfcb3f",
        "type": "github"
      },
      "original": {
        "owner": "lypanov",
        "ref": "repeat_instruction_retries",
        "repo": "zellij",
        "type": "github"
      }
    }
  },
  "root": "root",
  "version": 7
}
